
Microsoft Visual Studio Solution File, Format Version 12.00
# Visual Studio Version 17
VisualStudioVersion = 17.5.33530.505
MinimumVisualStudioVersion = 10.0.40219.1
Project("{FAE04EC0-301F-11D3-BF4B-00C04F79EFBC}") = "ConsoleAppday3", "ConsoleAppday3\ConsoleAppday3.csproj", "{49CBCEBE-2458-4798-9638-608A63DE04CA}"
EndProject
Global
	GlobalSection(SolutionConfigurationPlatforms) = preSolution
		Debug|Any CPU = Debug|Any CPU
		Release|Any CPU = Release|Any CPU
	EndGlobalSection
	GlobalSection(ProjectConfigurationPlatforms) = postSolution
		{49CBCEBE-2458-4798-9638-608A63DE04CA}.Debug|Any CPU.ActiveCfg = Debug|Any CPU
		{49CBCEBE-2458-4798-9638-608A63DE04CA}.Debug|Any CPU.Build.0 = Debug|Any CPU
		{49CBCEBE-2458-4798-9638-608A63DE04CA}.Release|Any CPU.ActiveCfg = Release|Any CPU
		{49CBCEBE-2458-4798-9638-608A63DE04CA}.Release|Any CPU.Build.0 = Release|Any CPU
	EndGlobalSection
	GlobalSection(SolutionProperties) = preSolution
		HideSolutionNode = FALSE
	EndGlobalSection
	GlobalSection(ExtensibilityGlobals) = postSolution
		SolutionGuid = {6E6A8932-DE40-4081-99F9-069C47C932F2}
	EndGlobalSection
EndGlobal
